
Microsoft Visual Studio Solution File, Format Version 12.00
# Visual Studio 14
VisualStudioVersion = 14.0.25420.1
MinimumVisualStudioVersion = 10.0.40219.1
Project("{2150E333-8FDC-42A3-9474-1A3956D46DE8}") = "Configuration", "Configuration", "{089D3573-E033-4A74-A779-11D1DE4EDCD2}"
	ProjectSection(SolutionItems) = preProject
		gulp-config.js = gulp-config.js
		gulpfile.js = gulpfile.js
		package.json = package.json
	EndProjectSection
EndProject
Project("{2150E333-8FDC-42A3-9474-1A3956D46DE8}") = "Foundation", "Foundation", "{B828FDAD-88E5-4F9C-9ADE-363767C0C734}"
EndProject
Project("{2150E333-8FDC-42A3-9474-1A3956D46DE8}") = "Project", "Project", "{3743D908-45FB-4851-8A30-14CD46718C88}"
EndProject
Project("{2150E333-8FDC-42A3-9474-1A3956D46DE8}") = "Feature", "Feature", "{ADF93880-92E2-42C1-8CDD-DBC910D48173}"
EndProject
Project("{2150E333-8FDC-42A3-9474-1A3956D46DE8}") = "DynamicPlaceholders", "DynamicPlaceholders", "{B8547425-6763-4E4C-B470-AD7FF16A0349}"
EndProject
Project("{FAE04EC0-301F-11D3-BF4B-00C04F79EFBC}") = "Sitecore.Foundation.DynamicPlaceholders.Infrastructure", "Sitecore.Foundation.DynamicPlaceholders\Sitecore.Foundation.DynamicPlaceholders.Infrastructure.csproj", "{F3F9289D-F18C-4389-B1BD-2E1893169274}"
EndProject
Project("{2150E333-8FDC-42A3-9474-1A3956D46DE8}") = "Example", "Example", "{8196266A-FA2B-4E44-B4B9-79E66EDF1A19}"
EndProject
Project("{FAE04EC0-301F-11D3-BF4B-00C04F79EFBC}") = "Sitecore.Foundation.DynamicPlaceholders.Web", "Sitecore.Foundation.DynamicPlaceholders.Web\Sitecore.Foundation.DynamicPlaceholders.Web.csproj", "{9A6382E3-A106-4C8A-9E2C-15755F697223}"
EndProject
Global
	GlobalSection(SolutionConfigurationPlatforms) = preSolution
		Debug|Any CPU = Debug|Any CPU
		Release|Any CPU = Release|Any CPU
	EndGlobalSection
	GlobalSection(ProjectConfigurationPlatforms) = postSolution
		{F3F9289D-F18C-4389-B1BD-2E1893169274}.Debug|Any CPU.ActiveCfg = Debug|Any CPU
		{F3F9289D-F18C-4389-B1BD-2E1893169274}.Debug|Any CPU.Build.0 = Debug|Any CPU
		{F3F9289D-F18C-4389-B1BD-2E1893169274}.Release|Any CPU.ActiveCfg = Release|Any CPU
		{F3F9289D-F18C-4389-B1BD-2E1893169274}.Release|Any CPU.Build.0 = Release|Any CPU
		{9A6382E3-A106-4C8A-9E2C-15755F697223}.Debug|Any CPU.ActiveCfg = Debug|Any CPU
		{9A6382E3-A106-4C8A-9E2C-15755F697223}.Debug|Any CPU.Build.0 = Debug|Any CPU
		{9A6382E3-A106-4C8A-9E2C-15755F697223}.Release|Any CPU.ActiveCfg = Release|Any CPU
		{9A6382E3-A106-4C8A-9E2C-15755F697223}.Release|Any CPU.Build.0 = Release|Any CPU
	EndGlobalSection
	GlobalSection(SolutionProperties) = preSolution
		HideSolutionNode = FALSE
	EndGlobalSection
	GlobalSection(NestedProjects) = preSolution
		{B8547425-6763-4E4C-B470-AD7FF16A0349} = {B828FDAD-88E5-4F9C-9ADE-363767C0C734}
		{F3F9289D-F18C-4389-B1BD-2E1893169274} = {B8547425-6763-4E4C-B470-AD7FF16A0349}
		{8196266A-FA2B-4E44-B4B9-79E66EDF1A19} = {3743D908-45FB-4851-8A30-14CD46718C88}
		{9A6382E3-A106-4C8A-9E2C-15755F697223} = {B8547425-6763-4E4C-B470-AD7FF16A0349}
	EndGlobalSection
EndGlobal
